
Microsoft Visual Studio Solution File, Format Version 12.00
# Visual Studio Version 17
VisualStudioVersion = 17.0.31903.59
MinimumVisualStudioVersion = 10.0.40219.1
Project("{2150E333-8FDC-42A3-9474-1A3956D46DE8}") = "src", "src", "{827E0CD3-B72D-47B6-A68D-7590B98EB39B}"
EndProject
Project("{FAE04EC0-301F-11D3-BF4B-00C04F79EFBC}") = "IdleGuild.Domain", "src\IdleGuild.Domain\IdleGuild.Domain.csproj", "{C6756A4A-027B-4B51-8CFE-EF490F427019}"
EndProject
Project("{FAE04EC0-301F-11D3-BF4B-00C04F79EFBC}") = "IdleGuild.Application", "src\IdleGuild.Application\IdleGuild.Application.csproj", "{6FE236A1-D21A-43EF-B8CE-FEF828E69F83}"
EndProject
Project("{FAE04EC0-301F-11D3-BF4B-00C04F79EFBC}") = "IdleGuild.Infrastructure", "src\IdleGuild.Infrastructure\IdleGuild.Infrastructure.csproj", "{486A43AE-70F4-4164-AE8C-33CCF83EB8BD}"
EndProject
Project("{FAE04EC0-301F-11D3-BF4B-00C04F79EFBC}") = "IdleGuild.Api", "src\IdleGuild.Api\IdleGuild.Api.csproj", "{72C79274-81FB-4B7F-8DC2-4025DFB8D3B5}"
EndProject
Project("{2150E333-8FDC-42A3-9474-1A3956D46DE8}") = "tests", "tests", "{0AB3BF05-4346-4AA6-1389-037BE0695223}"
EndProject
Project("{FAE04EC0-301F-11D3-BF4B-00C04F79EFBC}") = "IdleGuild.Domain.Tests", "tests\IdleGuild.Domain.Tests\IdleGuild.Domain.Tests.csproj", "{3BA0073C-4A56-4492-A124-DEA5B06A8E0C}"
EndProject
Project("{FAE04EC0-301F-11D3-BF4B-00C04F79EFBC}") = "IdleGuild.Api.Tests", "tests\IdleGuild.Api.Tests\IdleGuild.Api.Tests.csproj", "{F61DD57A-A8F4-4C26-8D0E-967A9E8231F5}"
EndProject
Project("{FAE04EC0-301F-11D3-BF4B-00C04F79EFBC}") = "IdleGuild.Infrastructure.Tests", "tests\IdleGuild.Infrastructure.Tests\IdleGuild.Infrastructure.Tests.csproj", "{7995E6F4-51ED-4862-844D-5E015117392E}"
EndProject
Global
	GlobalSection(SolutionConfigurationPlatforms) = preSolution
		Debug|Any CPU = Debug|Any CPU
		Debug|x64 = Debug|x64
		Debug|x86 = Debug|x86
		Release|Any CPU = Release|Any CPU
		Release|x64 = Release|x64
		Release|x86 = Release|x86
	EndGlobalSection
	GlobalSection(ProjectConfigurationPlatforms) = postSolution
		{C6756A4A-027B-4B51-8CFE-EF490F427019}.Debug|Any CPU.ActiveCfg = Debug|Any CPU
		{C6756A4A-027B-4B51-8CFE-EF490F427019}.Debug|Any CPU.Build.0 = Debug|Any CPU
		{C6756A4A-027B-4B51-8CFE-EF490F427019}.Debug|x64.ActiveCfg = Debug|Any CPU
		{C6756A4A-027B-4B51-8CFE-EF490F427019}.Debug|x64.Build.0 = Debug|Any CPU
		{C6756A4A-027B-4B51-8CFE-EF490F427019}.Debug|x86.ActiveCfg = Debug|Any CPU
		{C6756A4A-027B-4B51-8CFE-EF490F427019}.Debug|x86.Build.0 = Debug|Any CPU
		{C6756A4A-027B-4B51-8CFE-EF490F427019}.Release|Any CPU.ActiveCfg = Release|Any CPU
		{C6756A4A-027B-4B51-8CFE-EF490F427019}.Release|Any CPU.Build.0 = Release|Any CPU
		{C6756A4A-027B-4B51-8CFE-EF490F427019}.Release|x64.ActiveCfg = Release|Any CPU
		{C6756A4A-027B-4B51-8CFE-EF490F427019}.Release|x64.Build.0 = Release|Any CPU
		{C6756A4A-027B-4B51-8CFE-EF490F427019}.Release|x86.ActiveCfg = Release|Any CPU
		{C6756A4A-027B-4B51-8CFE-EF490F427019}.Release|x86.Build.0 = Release|Any CPU
		{6FE236A1-D21A-43EF-B8CE-FEF828E69F83}.Debug|Any CPU.ActiveCfg = Debug|Any CPU
		{6FE236A1-D21A-43EF-B8CE-FEF828E69F83}.Debug|Any CPU.Build.0 = Debug|Any CPU
		{6FE236A1-D21A-43EF-B8CE-FEF828E69F83}.Debug|x64.ActiveCfg = Debug|Any CPU
		{6FE236A1-D21A-43EF-B8CE-FEF828E69F83}.Debug|x64.Build.0 = Debug|Any CPU
		{6FE236A1-D21A-43EF-B8CE-FEF828E69F83}.Debug|x86.ActiveCfg = Debug|Any CPU
		{6FE236A1-D21A-43EF-B8CE-FEF828E69F83}.Debug|x86.Build.0 = Debug|Any CPU
		{6FE236A1-D21A-43EF-B8CE-FEF828E69F83}.Release|Any CPU.ActiveCfg = Release|Any CPU
		{6FE236A1-D21A-43EF-B8CE-FEF828E69F83}.Release|Any CPU.Build.0 = Release|Any CPU
		{6FE236A1-D21A-43EF-B8CE-FEF828E69F83}.Release|x64.ActiveCfg = Release|Any CPU
		{6FE236A1-D21A-43EF-B8CE-FEF828E69F83}.Release|x64.Build.0 = Release|Any CPU
		{6FE236A1-D21A-43EF-B8CE-FEF828E69F83}.Release|x86.ActiveCfg = Release|Any CPU
		{6FE236A1-D21A-43EF-B8CE-FEF828E69F83}.Release|x86.Build.0 = Release|Any CPU
		{486A43AE-70F4-4164-AE8C-33CCF83EB8BD}.Debug|Any CPU.ActiveCfg = Debug|Any CPU
		{486A43AE-70F4-4164-AE8C-33CCF83EB8BD}.Debug|Any CPU.Build.0 = Debug|Any CPU
		{486A43AE-70F4-4164-AE8C-33CCF83EB8BD}.Debug|x64.ActiveCfg = Debug|Any CPU
		{486A43AE-70F4-4164-AE8C-33CCF83EB8BD}.Debug|x64.Build.0 = Debug|Any CPU
		{486A43AE-70F4-4164-AE8C-33CCF83EB8BD}.Debug|x86.ActiveCfg = Debug|Any CPU
		{486A43AE-70F4-4164-AE8C-33CCF83EB8BD}.Debug|x86.Build.0 = Debug|Any CPU
		{486A43AE-70F4-4164-AE8C-33CCF83EB8BD}.Release|Any CPU.ActiveCfg = Release|Any CPU
		{486A43AE-70F4-4164-AE8C-33CCF83EB8BD}.Release|Any CPU.Build.0 = Release|Any CPU
		{486A43AE-70F4-4164-AE8C-33CCF83EB8BD}.Release|x64.ActiveCfg = Release|Any CPU
		{486A43AE-70F4-4164-AE8C-33CCF83EB8BD}.Release|x64.Build.0 = Release|Any CPU
		{486A43AE-70F4-4164-AE8C-33CCF83EB8BD}.Release|x86.ActiveCfg = Release|Any CPU
		{486A43AE-70F4-4164-AE8C-33CCF83EB8BD}.Release|x86.Build.0 = Release|Any CPU
		{72C79274-81FB-4B7F-8DC2-4025DFB8D3B5}.Debug|Any CPU.ActiveCfg = Debug|Any CPU
		{72C79274-81FB-4B7F-8DC2-4025DFB8D3B5}.Debug|Any CPU.Build.0 = Debug|Any CPU
		{72C79274-81FB-4B7F-8DC2-4025DFB8D3B5}.Debug|x64.ActiveCfg = Debug|Any CPU
		{72C79274-81FB-4B7F-8DC2-4025DFB8D3B5}.Debug|x64.Build.0 = Debug|Any CPU
		{72C79274-81FB-4B7F-8DC2-4025DFB8D3B5}.Debug|x86.ActiveCfg = Debug|Any CPU
		{72C79274-81FB-4B7F-8DC2-4025DFB8D3B5}.Debug|x86.Build.0 = Debug|Any CPU
		{72C79274-81FB-4B7F-8DC2-4025DFB8D3B5}.Release|Any CPU.ActiveCfg = Release|Any CPU
		{72C79274-81FB-4B7F-8DC2-4025DFB8D3B5}.Release|Any CPU.Build.0 = Release|Any CPU
		{72C79274-81FB-4B7F-8DC2-4025DFB8D3B5}.Release|x64.ActiveCfg = Release|Any CPU
		{72C79274-81FB-4B7F-8DC2-4025DFB8D3B5}.Release|x64.Build.0 = Release|Any CPU
		{72C79274-81FB-4B7F-8DC2-4025DFB8D3B5}.Release|x86.ActiveCfg = Release|Any CPU
		{72C79274-81FB-4B7F-8DC2-4025DFB8D3B5}.Release|x86.Build.0 = Release|Any CPU
		{3BA0073C-4A56-4492-A124-DEA5B06A8E0C}.Debug|Any CPU.ActiveCfg = Debug|Any CPU
		{3BA0073C-4A56-4492-A124-DEA5B06A8E0C}.Debug|Any CPU.Build.0 = Debug|Any CPU
		{3BA0073C-4A56-4492-A124-DEA5B06A8E0C}.Debug|x64.ActiveCfg = Debug|Any CPU
		{3BA0073C-4A56-4492-A124-DEA5B06A8E0C}.Debug|x64.Build.0 = Debug|Any CPU
		{3BA0073C-4A56-4492-A124-DEA5B06A8E0C}.Debug|x86.ActiveCfg = Debug|Any CPU
		{3BA0073C-4A56-4492-A124-DEA5B06A8E0C}.Debug|x86.Build.0 = Debug|Any CPU
		{3BA0073C-4A56-4492-A124-DEA5B06A8E0C}.Release|Any CPU.ActiveCfg = Release|Any CPU
		{3BA0073C-4A56-4492-A124-DEA5B06A8E0C}.Release|Any CPU.Build.0 = Release|Any CPU
		{3BA0073C-4A56-4492-A124-DEA5B06A8E0C}.Release|x64.ActiveCfg = Release|Any CPU
		{3BA0073C-4A56-4492-A124-DEA5B06A8E0C}.Release|x64.Build.0 = Release|Any CPU
		{3BA0073C-4A56-4492-A124-DEA5B06A8E0C}.Release|x86.ActiveCfg = Release|Any CPU
		{3BA0073C-4A56-4492-A124-DEA5B06A8E0C}.Release|x86.Build.0 = Release|Any CPU
		{F61DD57A-A8F4-4C26-8D0E-967A9E8231F5}.Debug|Any CPU.ActiveCfg = Debug|Any CPU
		{F61DD57A-A8F4-4C26-8D0E-967A9E8231F5}.Debug|Any CPU.Build.0 = Debug|Any CPU
		{F61DD57A-A8F4-4C26-8D0E-967A9E8231F5}.Debug|x64.ActiveCfg = Debug|Any CPU
		{F61DD57A-A8F4-4C26-8D0E-967A9E8231F5}.Debug|x64.Build.0 = Debug|Any CPU
		{F61DD57A-A8F4-4C26-8D0E-967A9E8231F5}.Debug|x86.ActiveCfg = Debug|Any CPU
		{F61DD57A-A8F4-4C26-8D0E-967A9E8231F5}.Debug|x86.Build.0 = Debug|Any CPU
		{F61DD57A-A8F4-4C26-8D0E-967A9E8231F5}.Release|Any CPU.ActiveCfg = Release|Any CPU
		{F61DD57A-A8F4-4C26-8D0E-967A9E8231F5}.Release|Any CPU.Build.0 = Release|Any CPU
		{F61DD57A-A8F4-4C26-8D0E-967A9E8231F5}.Release|x64.ActiveCfg = Release|Any CPU
		{F61DD57A-A8F4-4C26-8D0E-967A9E8231F5}.Release|x64.Build.0 = Release|Any CPU
		{F61DD57A-A8F4-4C26-8D0E-967A9E8231F5}.Release|x86.ActiveCfg = Release|Any CPU
		{F61DD57A-A8F4-4C26-8D0E-967A9E8231F5}.Release|x86.Build.0 = Release|Any CPU
		{7995E6F4-51ED-4862-844D-5E015117392E}.Debug|Any CPU.ActiveCfg = Debug|Any CPU
		{7995E6F4-51ED-4862-844D-5E015117392E}.Debug|Any CPU.Build.0 = Debug|Any CPU
		{7995E6F4-51ED-4862-844D-5E015117392E}.Debug|x64.ActiveCfg = Debug|Any CPU
		{7995E6F4-51ED-4862-844D-5E015117392E}.Debug|x64.Build.0 = Debug|Any CPU
		{7995E6F4-51ED-4862-844D-5E015117392E}.Debug|x86.ActiveCfg = Debug|Any CPU
		{7995E6F4-51ED-4862-844D-5E015117392E}.Debug|x86.Build.0 = Debug|Any CPU
		{7995E6F4-51ED-4862-844D-5E015117392E}.Release|Any CPU.ActiveCfg = Release|Any CPU
		{7995E6F4-51ED-4862-844D-5E015117392E}.Release|Any CPU.Build.0 = Release|Any CPU
		{7995E6F4-51ED-4862-844D-5E015117392E}.Release|x64.ActiveCfg = Release|Any CPU
		{7995E6F4-51ED-4862-844D-5E015117392E}.Release|x64.Build.0 = Release|Any CPU
		{7995E6F4-51ED-4862-844D-5E015117392E}.Release|x86.ActiveCfg = Release|Any CPU
		{7995E6F4-51ED-4862-844D-5E015117392E}.Release|x86.Build.0 = Release|Any CPU
	EndGlobalSection
	GlobalSection(SolutionProperties) = preSolution
		HideSolutionNode = FALSE
	EndGlobalSection
	GlobalSection(NestedProjects) = preSolution
		{C6756A4A-027B-4B51-8CFE-EF490F427019} = {827E0CD3-B72D-47B6-A68D-7590B98EB39B}
		{6FE236A1-D21A-43EF-B8CE-FEF828E69F83} = {827E0CD3-B72D-47B6-A68D-7590B98EB39B}
		{486A43AE-70F4-4164-AE8C-33CCF83EB8BD} = {827E0CD3-B72D-47B6-A68D-7590B98EB39B}
		{72C79274-81FB-4B7F-8DC2-4025DFB8D3B5} = {827E0CD3-B72D-47B6-A68D-7590B98EB39B}
		{3BA0073C-4A56-4492-A124-DEA5B06A8E0C} = {0AB3BF05-4346-4AA6-1389-037BE0695223}
		{F61DD57A-A8F4-4C26-8D0E-967A9E8231F5} = {0AB3BF05-4346-4AA6-1389-037BE0695223}
		{7995E6F4-51ED-4862-844D-5E015117392E} = {0AB3BF05-4346-4AA6-1389-037BE0695223}
	EndGlobalSection
EndGlobal
